// !$*UTF8*$!
{
	archiveVersion = 1;
	classes = {
	};
	objectVersion = 46;
	objects = {

/* Begin PBXBuildFile section */
		6146DAC31C704C7D000B6BF2 /* AppDelegate.swift in Sources */ = {isa = PBXBuildFile; fileRef = 6146DAC21C704C7D000B6BF2 /* AppDelegate.swift */; };
		6146DAC61C704C7D000B6BF2 /* Side_Bar_Menu_2_0.xcdatamodeld in Sources */ = {isa = PBXBuildFile; fileRef = 6146DAC41C704C7D000B6BF2 /* Side_Bar_Menu_2_0.xcdatamodeld */; };
		6146DAC81C704C7D000B6BF2 /* ViewController.swift in Sources */ = {isa = PBXBuildFile; fileRef = 6146DAC71C704C7D000B6BF2 /* ViewController.swift */; };
		6146DACB1C704C7D000B6BF2 /* Main.storyboard in Resources */ = {isa = PBXBuildFile; fileRef = 6146DAC91C704C7D000B6BF2 /* Main.storyboard */; };
		6146DACD1C704C7D000B6BF2 /* Images.xcassets in Resources */ = {isa = PBXBuildFile; fileRef = 6146DACC1C704C7D000B6BF2 /* Images.xcassets */; };
		6146DAD01C704C7D000B6BF2 /* LaunchScreen.xib in Resources */ = {isa = PBXBuildFile; fileRef = 6146DACE1C704C7D000B6BF2 /* LaunchScreen.xib */; };
		6146DADC1C704C7D000B6BF2 /* Side_Bar_Menu_2_0Tests.swift in Sources */ = {isa = PBXBuildFile; fileRef = 6146DADB1C704C7D000B6BF2 /* Side_Bar_Menu_2_0Tests.swift */; };
		6146DAE81C704CDE000B6BF2 /* SWRevealViewController.m in Sources */ = {isa = PBXBuildFile; fileRef = 6146DAE71C704CDE000B6BF2 /* SWRevealViewController.m */; };
		6146DAEA1C705081000B6BF2 /* MainViewController.swift in Sources */ = {isa = PBXBuildFile; fileRef = 6146DAE91C705081000B6BF2 /* MainViewController.swift */; };
/* End PBXBuildFile section */

/* Begin PBXContainerItemProxy section */
		6146DAD61C704C7D000B6BF2 /* PBXContainerItemProxy */ = {
			isa = PBXContainerItemProxy;
			containerPortal = 6146DAB51C704C7D000B6BF2 /* Project object */;
			proxyType = 1;
			remoteGlobalIDString = 6146DABC1C704C7D000B6BF2;
			remoteInfo = "Side Bar Menu 2.0";
		};
/* End PBXContainerItemProxy section */

/* Begin PBXFileReference section */
		6146DABD1C704C7D000B6BF2 /* Side Bar Menu 2.0.app */ = {isa = PBXFileReference; explicitFileType = wrapper.application; includeInIndex = 0; path = "Side Bar Menu 2.0.app"; sourceTree = BUILT_PRODUCTS_DIR; };
		6146DAC11C704C7D000B6BF2 /* Info.plist */ = {isa = PBXFileReference; lastKnownFileType = text.plist.xml; path = Info.plist; sourceTree = "<group>"; };
		6146DAC21C704C7D000B6BF2 /* AppDelegate.swift */ = {isa = PBXFileReference; lastKnownFileType = sourcecode.swift; path = AppDelegate.swift; sourceTree = "<group>"; };
		6146DAC51C704C7D000B6BF2 /* Side_Bar_Menu_2_0.xcdatamodel */ = {isa = PBXFileReference; lastKnownFileType = wrapper.xcdatamodel; path = Side_Bar_Menu_2_0.xcdatamodel; sourceTree = "<group>"; };
		6146DAC71C704C7D000B6BF2 /* ViewController.swift */ = {isa = PBXFileReference; lastKnownFileType = sourcecode.swift; path = ViewController.swift; sourceTree = "<group>"; };
		6146DACA1C704C7D000B6BF2 /* Base */ = {isa = PBXFileReference; lastKnownFileType = file.storyboard; name = Base; path = Base.lproj/Main.storyboard; sourceTree = "<group>"; };
		6146DACC1C704C7D000B6BF2 /* Images.xcassets */ = {isa = PBXFileReference; lastKnownFileType = folder.assetcatalog; path = Images.xcassets; sourceTree = "<group>"; };
		6146DACF1C704C7D000B6BF2 /* Base */ = {isa = PBXFileReference; lastKnownFileType = file.xib; name = Base; path = Base.lproj/LaunchScreen.xib; sourceTree = "<group>"; };
		6146DAD51C704C7D000B6BF2 /* Side Bar Menu 2.0Tests.xctest */ = {isa = PBXFileReference; explicitFileType = wrapper.cfbundle; includeInIndex = 0; path = "Side Bar Menu 2.0Tests.xctest"; sourceTree = BUILT_PRODUCTS_DIR; };
		6146DADA1C704C7D000B6BF2 /* Info.plist */ = {isa = PBXFileReference; lastKnownFileType = text.plist.xml; path = Info.plist; sourceTree = "<group>"; };
		6146DADB1C704C7D000B6BF2 /* Side_Bar_Menu_2_0Tests.swift */ = {isa = PBXFileReference; lastKnownFileType = sourcecode.swift; path = Side_Bar_Menu_2_0Tests.swift; sourceTree = "<group>"; };
		6146DAE51C704CDD000B6BF2 /* Side Bar Menu 2.0-Bridging-Header.h */ = {isa = PBXFileReference; lastKnownFileType = sourcecode.c.h; path = "Side Bar Menu 2.0-Bridging-Header.h"; sourceTree = "<group>"; };
		6146DAE61C704CDE000B6BF2 /* SWRevealViewController.h */ = {isa = PBXFileReference; fileEncoding = 4; lastKnownFileType = sourcecode.c.h; path = SWRevealViewController.h; sourceTree = "<group>"; };
		6146DAE71C704CDE000B6BF2 /* SWRevealViewController.m */ = {isa = PBXFileReference; fileEncoding = 4; lastKnownFileType = sourcecode.c.objc; path = SWRevealViewController.m; sourceTree = "<group>"; };
		6146DAE91C705081000B6BF2 /* MainViewController.swift */ = {isa = PBXFileReference; fileEncoding = 4; lastKnownFileType = sourcecode.swift; path = MainViewController.swift; sourceTree = "<group>"; };
/* End PBXFileReference section */

/* Begin PBXFrameworksBuildPhase section */
		6146DABA1C704C7D000B6BF2 /* Frameworks */ = {
			isa = PBXFrameworksBuildPhase;
			buildActionMask = 2147483647;
			files = (
			);
			runOnlyForDeploymentPostprocessing = 0;
		};
		6146DAD21C704C7D000B6BF2 /* Frameworks */ = {
			isa = PBXFrameworksBuildPhase;
			buildActionMask = 2147483647;
			files = (
			);
			runOnlyForDeploymentPostprocessing = 0;
		};
/* End PBXFrameworksBuildPhase section */

/* Begin PBXGroup section */
		6146DAB41C704C7D000B6BF2 = {
			isa = PBXGroup;
			children = (
				6146DABF1C704C7D000B6BF2 /* Side Bar Menu 2.0 */,
				6146DAD81C704C7D000B6BF2 /* Side Bar Menu 2.0Tests */,
				6146DABE1C704C7D000B6BF2 /* Products */,
			);
			sourceTree = "<group>";
		};
		6146DABE1C704C7D000B6BF2 /* Products */ = {
			isa = PBXGroup;
			children = (
				6146DABD1C704C7D000B6BF2 /* Side Bar Menu 2.0.app */,
				6146DAD51C704C7D000B6BF2 /* Side Bar Menu 2.0Tests.xctest */,
			);
			name = Products;
			sourceTree = "<group>";
		};
		6146DABF1C704C7D000B6BF2 /* Side Bar Menu 2.0 */ = {
			isa = PBXGroup;
			children = (
				6146DAC21C704C7D000B6BF2 /* AppDelegate.swift */,
				6146DAC71C704C7D000B6BF2 /* ViewController.swift */,
				6146DAC91C704C7D000B6BF2 /* Main.storyboard */,
				6146DAE91C705081000B6BF2 /* MainViewController.swift */,
				6146DACC1C704C7D000B6BF2 /* Images.xcassets */,
				6146DACE1C704C7D000B6BF2 /* LaunchScreen.xib */,
				6146DAC41C704C7D000B6BF2 /* Side_Bar_Menu_2_0.xcdatamodeld */,
				6146DAC01C704C7D000B6BF2 /* Supporting Files */,
			);
			path = "Side Bar Menu 2.0";
			sourceTree = "<group>";
		};
		6146DAC01C704C7D000B6BF2 /* Supporting Files */ = {
			isa = PBXGroup;
			children = (
				6146DAE61C704CDE000B6BF2 /* SWRevealViewController.h */,
				6146DAE71C704CDE000B6BF2 /* SWRevealViewController.m */,
				6146DAC11C704C7D000B6BF2 /* Info.plist */,
				6146DAE51C704CDD000B6BF2 /* Side Bar Menu 2.0-Bridging-Header.h */,
			);
			name = "Supporting Files";
			sourceTree = "<group>";
		};
		6146DAD81C704C7D000B6BF2 /* Side Bar Menu 2.0Tests */ = {
			isa = PBXGroup;
			children = (
				6146DADB1C704C7D000B6BF2 /* Side_Bar_Menu_2_0Tests.swift */,
				6146DAD91C704C7D000B6BF2 /* Supporting Files */,
			);
			path = "Side Bar Menu 2.0Tests";
			sourceTree = "<group>";
		};
		6146DAD91C704C7D000B6BF2 /* Supporting Files */ = {
			isa = PBXGroup;
			children = (
				6146DADA1C704C7D000B6BF2 /* Info.plist */,
			);
			name = "Supporting Files";
			sourceTree = "<group>";
		};
/* End PBXGroup section */

/* Begin PBXNativeTarget section */
		6146DABC1C704C7D000B6BF2 /* Side Bar Menu 2.0 */ = {
			isa = PBXNativeTarget;
			buildConfigurationList = 6146DADF1C704C7D000B6BF2 /* Build configuration list for PBXNativeTarget "Side Bar Menu 2.0" */;
			buildPhases = (
				6146DAB91C704C7D000B6BF2 /* Sources */,
				6146DABA1C704C7D000B6BF2 /* Frameworks */,
				6146DABB1C704C7D000B6BF2 /* Resources */,
			);
			buildRules = (
			);
			dependencies = (
			);
			name = "Side Bar Menu 2.0";
			productName = "Side Bar Menu 2.0";
			productReference = 6146DABD1C704C7D000B6BF2 /* Side Bar Menu 2.0.app */;
			productType = "com.apple.product-type.application";
		};
		6146DAD41C704C7D000B6BF2 /* Side Bar Menu 2.0Tests */ = {
			isa = PBXNativeTarget;
			buildConfigurationList = 6146DAE21C704C7D000B6BF2 /* Build configuration list for PBXNativeTarget "Side Bar Menu 2.0Tests" */;
			buildPhases = (
				6146DAD11C704C7D000B6BF2 /* Sources */,
				6146DAD21C704C7D000B6BF2 /* Frameworks */,
				6146DAD31C704C7D000B6BF2 /* Resources */,
			);
			buildRules = (
			);
			dependencies = (
				6146DAD71C704C7D000B6BF2 /* PBXTargetDependency */,
			);
			name = "Side Bar Menu 2.0Tests";
			productName = "Side Bar Menu 2.0Tests";
			productReference = 6146DAD51C704C7D000B6BF2 /* Side Bar Menu 2.0Tests.xctest */;
			productType = "com.apple.product-type.bundle.unit-test";
		};
/* End PBXNativeTarget section */

/* Begin PBXProject section */
		6146DAB51C704C7D000B6BF2 /* Project object */ = {
			isa = PBXProject;
			attributes = {
				LastUpgradeCheck = 0630;
				ORGANIZATIONNAME = "Edrick Pascual";
				TargetAttributes = {
					6146DABC1C704C7D000B6BF2 = {
						CreatedOnToolsVersion = 6.3.1;
					};
					6146DAD41C704C7D000B6BF2 = {
						CreatedOnToolsVersion = 6.3.1;
						TestTargetID = 6146DABC1C704C7D000B6BF2;
					};
				};
			};
			buildConfigurationList = 6146DAB81C704C7D000B6BF2 /* Build configuration list for PBXProject "Side Bar Menu 2.0" */;
			compatibilityVersion = "Xcode 3.2";
			developmentRegion = English;
			hasScannedForEncodings = 0;
			knownRegions = (
				en,
				Base,
			);
			mainGroup = 6146DAB41C704C7D000B6BF2;
			productRefGroup = 6146DABE1C704C7D000B6BF2 /* Products */;
			projectDirPath = "";
			projectRoot = "";
			targets = (
				6146DABC1C704C7D000B6BF2 /* Side Bar Menu 2.0 */,
				6146DAD41C704C7D000B6BF2 /* Side Bar Menu 2.0Tests */,
			);
		};
/* End PBXProject section */

/* Begin PBXResourcesBuildPhase section */
		6146DABB1C704C7D000B6BF2 /* Resources */ = {
			isa = PBXResourcesBuildPhase;
			buildActionMask = 2147483647;
			files = (
				6146DACB1C704C7D000B6BF2 /* Main.storyboard in Resources */,
				6146DAD01C704C7D000B6BF2 /* LaunchScreen.xib in Resources */,
				6146DACD1C704C7D000B6BF2 /* Images.xcassets in Resources */,
			);
			runOnlyForDeploymentPostprocessing = 0;
		};
		6146DAD31C704C7D000B6BF2 /* Resources */ = {
			isa = PBXResourcesBuildPhase;
			buildActionMask = 2147483647;
			files = (
			);
			runOnlyForDeploymentPostprocessing = 0;
		};
/* End PBXResourcesBuildPhase section */

/* Begin PBXSourcesBuildPhase section */
		6146DAB91C704C7D000B6BF2 /* Sources */ = {
			isa = PBXSourcesBuildPhase;
			buildActionMask = 2147483647;
			files = (
				6146DAC81C704C7D000B6BF2 /* ViewController.swift in Sources */,
				6146DAC31C704C7D000B6BF2 /* AppDelegate.swift in Sources */,
				6146DAC61C704C7D000B6BF2 /* Side_Bar_Menu_2_0.xcdatamodeld in Sources */,
				6146DAE81C704CDE000B6BF2 /* SWRevealViewController.m in Sources */,
				6146DAEA1C705081000B6BF2 /* MainViewController.swift in Sources */,
			);
			runOnlyForDeploymentPostprocessing = 0;
		};
		6146DAD11C704C7D000B6BF2 /* Sources */ = {
			isa = PBXSourcesBuildPhase;
			buildActionMask = 2147483647;
			files = (
				6146DADC1C704C7D000B6BF2 /* Side_Bar_Menu_2_0Tests.swift in Sources */,
			);
			runOnlyForDeploymentPostprocessing = 0;
		};
/* End PBXSourcesBuildPhase section */

/* Begin PBXTargetDependency section */
		6146DAD71C704C7D000B6BF2 /* PBXTargetDependency */ = {
			isa = PBXTargetDependency;
			target = 6146DABC1C704C7D000B6BF2 /* Side Bar Menu 2.0 */;
			targetProxy = 6146DAD61C704C7D000B6BF2 /* PBXContainerItemProxy */;
		};
/* End PBXTargetDependency section */

/* Begin PBXVariantGroup section */
		6146DAC91C704C7D000B6BF2 /* Main.storyboard */ = {
			isa = PBXVariantGroup;
			children = (
				6146DACA1C704C7D000B6BF2 /* Base */,
			);
			name = Main.storyboard;
			sourceTree = "<group>";
		};
		6146DACE1C704C7D000B6BF2 /* LaunchScreen.xib */ = {
			isa = PBXVariantGroup;
			children = (
				6146DACF1C704C7D000B6BF2 /* Base */,
			);
			name = LaunchScreen.xib;
			sourceTree = "<group>";
		};
/* End PBXVariantGroup section */

/* Begin XCBuildConfiguration section */
		6146DADD1C704C7D000B6BF2 /* Debug */ = {
			isa = XCBuildConfiguration;
			buildSettings = {
				ALWAYS_SEARCH_USER_PATHS = NO;
				CLANG_CXX_LANGUAGE_STANDARD = "gnu++0x";
				CLANG_CXX_LIBRARY = "libc++";
				CLANG_ENABLE_MODULES = YES;
				CLANG_ENABLE_OBJC_ARC = YES;
				CLANG_WARN_BOOL_CONVERSION = YES;
				CLANG_WARN_CONSTANT_CONVERSION = YES;
				CLANG_WARN_DIRECT_OBJC_ISA_USAGE = YES_ERROR;
				CLANG_WARN_EMPTY_BODY = YES;
				CLANG_WARN_ENUM_CONVERSION = YES;
				CLANG_WARN_INT_CONVERSION = YES;
				CLANG_WARN_OBJC_ROOT_CLASS = YES_ERROR;
				CLANG_WARN_UNREACHABLE_CODE = YES;
				CLANG_WARN__DUPLICATE_METHOD_MATCH = YES;
				"CODE_SIGN_IDENTITY[sdk=iphoneos*]" = "iPhone Developer";
				COPY_PHASE_STRIP = NO;
				DEBUG_INFORMATION_FORMAT = "dwarf-with-dsym";
				ENABLE_STRICT_OBJC_MSGSEND = YES;
				GCC_C_LANGUAGE_STANDARD = gnu99;
				GCC_DYNAMIC_NO_PIC = NO;
				GCC_NO_COMMON_BLOCKS = YES;
				GCC_OPTIMIZATION_LEVEL = 0;
				GCC_PREPROCESSOR_DEFINITIONS = (
					"DEBUG=1",
					"$(inherited)",
				);
				GCC_SYMBOLS_PRIVATE_EXTERN = NO;
				GCC_WARN_64_TO_32_BIT_CONVERSION = YES;
				GCC_WARN_ABOUT_RETURN_TYPE = YES_ERROR;
				GCC_WARN_UNDECLARED_SELECTOR = YES;
				GCC_WARN_UNINITIALIZED_AUTOS = YES_AGGRESSIVE;
				GCC_WARN_UNUSED_FUNCTION = YES;
				GCC_WARN_UNUSED_VARIABLE = YES;
				IPHONEOS_DEPLOYMENT_TARGET = 8.3;
				MTL_ENABLE_DEBUG_INFO = YES;
				ONLY_ACTIVE_ARCH = YES;
				SDKROOT = iphoneos;
				SWIFT_OPTIMIZATION_LEVEL = "-Onone";
				TARGETED_DEVICE_FAMILY = "1,2";
			};
			name = Debug;
		};
		6146DADE1C704C7D000B6BF2 /* Release */ = {
			isa = XCBuildConfiguration;
			buildSettings = {
				ALWAYS_SEARCH_USER_PATHS = NO;
				CLANG_CXX_LANGUAGE_STANDARD = "gnu++0x";
				CLANG_CXX_LIBRARY = "libc++";
				CLANG_ENABLE_MODULES = YES;
				CLANG_ENABLE_OBJC_ARC = YES;
				CLANG_WARN_BOOL_CONVERSION = YES;
				CLANG_WARN_CONSTANT_CONVERSION = YES;
				CLANG_WARN_DIRECT_OBJC_ISA_USAGE = YES_ERROR;
				CLANG_WARN_EMPTY_BODY = YES;
				CLANG_WARN_ENUM_CONVERSION = YES;
				CLANG_WARN_INT_CONVERSION = YES;
				CLANG_WARN_OBJC_ROOT_CLASS = YES_ERROR;
				CLANG_WARN_UNREACHABLE_CODE = YES;
				CLANG_WARN__DUPLICATE_METHOD_MATCH = YES;
				"CODE_SIGN_IDENTITY[sdk=iphoneos*]" = "iPhone Developer";
				COPY_PHASE_STRIP = NO;
				DEBUG_INFORMATION_FORMAT = "dwarf-with-dsym";
				ENABLE_NS_ASSERTIONS = NO;
				ENABLE_STRICT_OBJC_MSGSEND = YES;
				GCC_C_LANGUAGE_STANDARD = gnu99;
				GCC_NO_COMMON_BLOCKS = YES;
				GCC_WARN_64_TO_32_BIT_CONVERSION = YES;
				GCC_WARN_ABOUT_RETURN_TYPE = YES_ERROR;
				GCC_WARN_UNDECLARED_SELECTOR = YES;
				GCC_WARN_UNINITIALIZED_AUTOS = YES_AGGRESSIVE;
				GCC_WARN_UNUSED_FUNCTION = YES;
				GCC_WARN_UNUSED_VARIABLE = YES;
				IPHONEOS_DEPLOYMENT_TARGET = 8.3;
				MTL_ENABLE_DEBUG_INFO = NO;
				SDKROOT = iphoneos;
				TARGETED_DEVICE_FAMILY = "1,2";
				VALIDATE_PRODUCT = YES;
			};
			name = Release;
		};
		6146DAE01C704C7D000B6BF2 /* Debug */ = {
			isa = XCBuildConfiguration;
			buildSettings = {
				ASSETCATALOG_COMPILER_APPICON_NAME = AppIcon;
				CLANG_ENABLE_MODULES = YES;
				INFOPLIST_FILE = "Side Bar Menu 2.0/Info.plist";
				LD_RUNPATH_SEARCH_PATHS = "$(inherited) @executable_path/Frameworks";
				PRODUCT_NAME = "$(TARGET_NAME)";
				SWIFT_OBJC_BRIDGING_HEADER = "Side Bar Menu 2.0/Side Bar Menu 2.0-Bridging-Header.h";
				SWIFT_OPTIMIZATION_LEVEL = "-Onone";
			};
			name = Debug;
		};
		6146DAE11C704C7D000B6BF2 /* Release */ = {
			isa = XCBuildConfiguration;
			buildSettings = {
				ASSETCATALOG_COMPILER_APPICON_NAME = AppIcon;
				CLANG_ENABLE_MODULES = YES;
				INFOPLIST_FILE = "Side Bar Menu 2.0/Info.plist";
				LD_RUNPATH_SEARCH_PATHS = "$(inherited) @executable_path/Frameworks";
				PRODUCT_NAME = "$(TARGET_NAME)";
				SWIFT_OBJC_BRIDGING_HEADER = "Side Bar Menu 2.0/Side Bar Menu 2.0-Bridging-Header.h";
			};
			name = Release;
		};
		6146DAE31C704C7D000B6BF2 /* Debug */ = {
			isa = XCBuildConfiguration;
			buildSettings = {
				BUNDLE_LOADER = "$(TEST_HOST)";
				FRAMEWORK_SEARCH_PATHS = (
					"$(SDKROOT)/Developer/Library/Frameworks",
					"$(inherited)",
				);
				GCC_PREPROCESSOR_DEFINITIONS = (
					"DEBUG=1",
					"$(inherited)",
				);
				INFOPLIST_FILE = "Side Bar Menu 2.0Tests/Info.plist";
				LD_RUNPATH_SEARCH_PATHS = "$(inherited) @executable_path/Frameworks @loader_path/Frameworks";
				PRODUCT_NAME = "$(TARGET_NAME)";
				TEST_HOST = "$(BUILT_PRODUCTS_DIR)/Side Bar Menu 2.0.app/Side Bar Menu 2.0";
			};
			name = Debug;
		};
		6146DAE41C704C7D000B6BF2 /* Release */ = {
			isa = XCBuildConfiguration;
			buildSettings = {
				BUNDLE_LOADER = "$(TEST_HOST)";
				FRAMEWORK_SEARCH_PATHS = (
					"$(SDKROOT)/Developer/Library/Frameworks",
					"$(inherited)",
				);
				INFOPLIST_FILE = "Side Bar Menu 2.0Tests/Info.plist";
				LD_RUNPATH_SEARCH_PATHS = "$(inherited) @executable_path/Frameworks @loader_path/Frameworks";
				PRODUCT_NAME = "$(TARGET_NAME)";
				TEST_HOST = "$(BUILT_PRODUCTS_DIR)/Side Bar Menu 2.0.app/Side Bar Menu 2.0";
			};
			name = Release;
		};
/* End XCBuildConfiguration section */

/* Begin XCConfigurationList section */
		6146DAB81C704C7D000B6BF2 /* Build configuration list for PBXProject "Side Bar Menu 2.0" */ = {
			isa = XCConfigurationList;
			buildConfigurations = (
				6146DADD1C704C7D000B6BF2 /* Debug */,
				6146DADE1C704C7D000B6BF2 /* Release */,
			);
			defaultConfigurationIsVisible = 0;
			defaultConfigurationName = Release;
		};
		6146DADF1C704C7D000B6BF2 /* Build configuration list for PBXNativeTarget "Side Bar Menu 2.0" */ = {
			isa = XCConfigurationList;
			buildConfigurations = (
				6146DAE01C704C7D000B6BF2 /* Debug */,
				6146DAE11C704C7D000B6BF2 /* Release */,
			);
			defaultConfigurationIsVisible = 0;
		};
		6146DAE21C704C7D000B6BF2 /* Build configuration list for PBXNativeTarget "Side Bar Menu 2.0Tests" */ = {
			isa = XCConfigurationList;
			buildConfigurations = (
				6146DAE31C704C7D000B6BF2 /* Debug */,
				6146DAE41C704C7D000B6BF2 /* Release */,
			);
			defaultConfigurationIsVisible = 0;
		};
/* End XCConfigurationList section */

/* Begin XCVersionGroup section */
		6146DAC41C704C7D000B6BF2 /* Side_Bar_Menu_2_0.xcdatamodeld */ = {
			isa = XCVersionGroup;
			children = (
				6146DAC51C704C7D000B6BF2 /* Side_Bar_Menu_2_0.xcdatamodel */,
			);
			currentVersion = 6146DAC51C704C7D000B6BF2 /* Side_Bar_Menu_2_0.xcdatamodel */;
			path = Side_Bar_Menu_2_0.xcdatamodeld;
			sourceTree = "<group>";
			versionGroupType = wrapper.xcdatamodel;
		};
/* End XCVersionGroup section */
	};
	rootObject = 6146DAB51C704C7D000B6BF2 /* Project object */;
}
